
Microsoft Visual Studio Solution File, Format Version 12.00
# Visual Studio 2012
Project("{FAE04EC0-301F-11D3-BF4B-00C04F79EFBC}") = "CrmPackage", "PreventDuplicateExtension\CrmPackage\CrmPackage.csproj", "{7AC94FA1-F725-4ECE-9E35-E4FD212BAC23}"
	ProjectSection(ProjectDependencies) = postProject
		{01E5F319-411D-4662-A75C-18E9F69BA83E} = {01E5F319-411D-4662-A75C-18E9F69BA83E}
	EndProjectSection
EndProject
Project("{FAE04EC0-301F-11D3-BF4B-00C04F79EFBC}") = "Plugins", "PreventDuplicateExtension\Plugins\Plugins.csproj", "{01E5F319-411D-4662-A75C-18E9F69BA83E}"
EndProject
Global
	GlobalSection(CRMSolutionProperties) = preSolution
		SolutionIsBoundToCRM = True
	EndGlobalSection
	GlobalSection(SolutionConfigurationPlatforms) = preSolution
		Debug|Any CPU = Debug|Any CPU
		Release|Any CPU = Release|Any CPU
	EndGlobalSection
	GlobalSection(ProjectConfigurationPlatforms) = postSolution
		{7AC94FA1-F725-4ECE-9E35-E4FD212BAC23}.Debug|Any CPU.ActiveCfg = Debug|Any CPU
		{7AC94FA1-F725-4ECE-9E35-E4FD212BAC23}.Debug|Any CPU.Build.0 = Debug|Any CPU
		{7AC94FA1-F725-4ECE-9E35-E4FD212BAC23}.Debug|Any CPU.Deploy.0 = Debug|Any CPU
		{7AC94FA1-F725-4ECE-9E35-E4FD212BAC23}.Release|Any CPU.ActiveCfg = Release|Any CPU
		{7AC94FA1-F725-4ECE-9E35-E4FD212BAC23}.Release|Any CPU.Build.0 = Release|Any CPU
		{7AC94FA1-F725-4ECE-9E35-E4FD212BAC23}.Release|Any CPU.Deploy.0 = Release|Any CPU
		{01E5F319-411D-4662-A75C-18E9F69BA83E}.Debug|Any CPU.ActiveCfg = Debug|Any CPU
		{01E5F319-411D-4662-A75C-18E9F69BA83E}.Debug|Any CPU.Build.0 = Debug|Any CPU
		{01E5F319-411D-4662-A75C-18E9F69BA83E}.Release|Any CPU.ActiveCfg = Release|Any CPU
		{01E5F319-411D-4662-A75C-18E9F69BA83E}.Release|Any CPU.Build.0 = Release|Any CPU
	EndGlobalSection
	GlobalSection(SolutionProperties) = preSolution
		HideSolutionNode = FALSE
	EndGlobalSection
EndGlobal
